
Microsoft Visual Studio Solution File, Format Version 12.00
# Visual Studio 15
VisualStudioVersion = 15.0.27703.2047
MinimumVisualStudioVersion = 10.0.40219.1
Project("{FAE04EC0-301F-11D3-BF4B-00C04F79EFBC}") = "unlimited-wldx", "unlimited-wldx\unlimited-wldx.csproj", "{47797E17-A781-45B2-B666-E15D8E92A8C6}"
EndProject
Project("{FAE04EC0-301F-11D3-BF4B-00C04F79EFBC}") = "unlimited-wldx-tests", "unlimited-wldxTests\unlimited-wldx-tests.csproj", "{F2F1B6E4-0B0E-4CDE-B535-88DD4978C37F}"
EndProject
Global
	GlobalSection(SolutionConfigurationPlatforms) = preSolution
		Debug|Any CPU = Debug|Any CPU
		Release|Any CPU = Release|Any CPU
	EndGlobalSection
	GlobalSection(ProjectConfigurationPlatforms) = postSolution
		{47797E17-A781-45B2-B666-E15D8E92A8C6}.Debug|Any CPU.ActiveCfg = Debug|Any CPU
		{47797E17-A781-45B2-B666-E15D8E92A8C6}.Debug|Any CPU.Build.0 = Debug|Any CPU
		{47797E17-A781-45B2-B666-E15D8E92A8C6}.Release|Any CPU.ActiveCfg = Release|Any CPU
		{47797E17-A781-45B2-B666-E15D8E92A8C6}.Release|Any CPU.Build.0 = Release|Any CPU
		{F2F1B6E4-0B0E-4CDE-B535-88DD4978C37F}.Debug|Any CPU.ActiveCfg = Debug|Any CPU
		{F2F1B6E4-0B0E-4CDE-B535-88DD4978C37F}.Debug|Any CPU.Build.0 = Debug|Any CPU
		{F2F1B6E4-0B0E-4CDE-B535-88DD4978C37F}.Release|Any CPU.ActiveCfg = Release|Any CPU
		{F2F1B6E4-0B0E-4CDE-B535-88DD4978C37F}.Release|Any CPU.Build.0 = Release|Any CPU
	EndGlobalSection
	GlobalSection(SolutionProperties) = preSolution
		HideSolutionNode = FALSE
	EndGlobalSection
	GlobalSection(ExtensibilityGlobals) = postSolution
		SolutionGuid = {AE384E9E-F9DB-4532-BDEA-B278E3657E53}
	EndGlobalSection
EndGlobal
